
Microsoft Visual Studio Solution File, Format Version 12.00
# Visual Studio Version 16
VisualStudioVersion = 16.0.31702.278
MinimumVisualStudioVersion = 10.0.40219.1
Project("{FAE04EC0-301F-11D3-BF4B-00C04F79EFBC}") = "ARTEM_TEST", "ARTEM_TEST\ARTEM_TEST.csproj", "{AB67D47B-2817-4B01-8A3F-5A7E6D8962BB}"
EndProject
Global
	GlobalSection(SolutionConfigurationPlatforms) = preSolution
		Debug|Any CPU = Debug|Any CPU
		Release|Any CPU = Release|Any CPU
	EndGlobalSection
	GlobalSection(ProjectConfigurationPlatforms) = postSolution
		{AB67D47B-2817-4B01-8A3F-5A7E6D8962BB}.Debug|Any CPU.ActiveCfg = Debug|Any CPU
		{AB67D47B-2817-4B01-8A3F-5A7E6D8962BB}.Debug|Any CPU.Build.0 = Debug|Any CPU
		{AB67D47B-2817-4B01-8A3F-5A7E6D8962BB}.Release|Any CPU.ActiveCfg = Release|Any CPU
		{AB67D47B-2817-4B01-8A3F-5A7E6D8962BB}.Release|Any CPU.Build.0 = Release|Any CPU
	EndGlobalSection
	GlobalSection(SolutionProperties) = preSolution
		HideSolutionNode = FALSE
	EndGlobalSection
	GlobalSection(ExtensibilityGlobals) = postSolution
		SolutionGuid = {5A0F569B-976D-4708-B07D-7401CA72746B}
	EndGlobalSection
EndGlobal
